
Microsoft Visual Studio Solution File, Format Version 12.00
# Visual Studio 2012
Project("{FAE04EC0-301F-11D3-BF4B-00C04F79EFBC}") = "Fody", "Fody\Fody.csproj", "{C3578A7B-09A6-4444-9383-0DEAFA4958BD}"
EndProject
Project("{FAE04EC0-301F-11D3-BF4B-00C04F79EFBC}") = "Tests", "Tests\Tests.csproj", "{5A86453B-96FB-4B6E-A283-225BB9F753D3}"
EndProject
Project("{FAE04EC0-301F-11D3-BF4B-00C04F79EFBC}") = "AssemblyToProcessSilverlight4", "AssemblyToProcess\AssemblyToProcessSilverlight4.csproj", "{029B729E-217F-435E-B6F2-FEF6FC0C8E8E}"
EndProject
Project("{FAE04EC0-301F-11D3-BF4B-00C04F79EFBC}") = "AssemblyToProcessDotNet3.5", "AssemblyToProcess\AssemblyToProcessDotNet3.5.csproj", "{9E726D5C-1AB1-4C07-8E8F-6930F35E6835}"
EndProject
Project("{FAE04EC0-301F-11D3-BF4B-00C04F79EFBC}") = "AssemblyToProcessDotNet3.5Client", "AssemblyToProcess\AssemblyToProcessDotNet3.5Client.csproj", "{0552C0F4-7EFE-48B5-B4AD-087D6355D6CF}"
EndProject
Project("{FAE04EC0-301F-11D3-BF4B-00C04F79EFBC}") = "AssemblyToProcessDotNet4Client", "AssemblyToProcess\AssemblyToProcessDotNet4Client.csproj", "{B552D750-49FE-4DB2-8C0B-37471EBE1F76}"
EndProject
Project("{FAE04EC0-301F-11D3-BF4B-00C04F79EFBC}") = "AssemblyToProcessPhone", "AssemblyToProcess\AssemblyToProcessPhone.csproj", "{F883F209-8D17-4A30-8E6C-796219FBF408}"
EndProject
Project("{FAE04EC0-301F-11D3-BF4B-00C04F79EFBC}") = "AssemblyToProcessDotNet4", "AssemblyToProcess\AssemblyToProcessDotNet4.csproj", "{7DEC4E2D-F872-434E-A267-0BAD65299950}"
EndProject
Project("{FAE04EC0-301F-11D3-BF4B-00C04F79EFBC}") = "Nuget", "NuGet\Nuget.csproj", "{63786CE5-D899-43DF-AD4E-C2CA3BAC3FC2}"
	ProjectSection(ProjectDependencies) = postProject
		{C3578A7B-09A6-4444-9383-0DEAFA4958BD} = {C3578A7B-09A6-4444-9383-0DEAFA4958BD}
	EndProjectSection
EndProject
Project("{FAE04EC0-301F-11D3-BF4B-00C04F79EFBC}") = "AssemblyToProcessSilverlight5", "AssemblyToProcess\AssemblyToProcessSilverlight5.csproj", "{F1BAFCE8-5CFB-4029-B943-3481CDA40983}"
EndProject
Global
	GlobalSection(SolutionConfigurationPlatforms) = preSolution
		Debug|Any CPU = Debug|Any CPU
		Debug|x86 = Debug|x86
		Release|Any CPU = Release|Any CPU
		Release|x86 = Release|x86
	EndGlobalSection
	GlobalSection(ProjectConfigurationPlatforms) = postSolution
		{C3578A7B-09A6-4444-9383-0DEAFA4958BD}.Debug|Any CPU.ActiveCfg = Debug|Any CPU
		{C3578A7B-09A6-4444-9383-0DEAFA4958BD}.Debug|Any CPU.Build.0 = Debug|Any CPU
		{C3578A7B-09A6-4444-9383-0DEAFA4958BD}.Debug|x86.ActiveCfg = Debug|Any CPU
		{C3578A7B-09A6-4444-9383-0DEAFA4958BD}.Release|Any CPU.ActiveCfg = Release|Any CPU
		{C3578A7B-09A6-4444-9383-0DEAFA4958BD}.Release|Any CPU.Build.0 = Release|Any CPU
		{C3578A7B-09A6-4444-9383-0DEAFA4958BD}.Release|x86.ActiveCfg = Release|Any CPU
		{5A86453B-96FB-4B6E-A283-225BB9F753D3}.Debug|Any CPU.ActiveCfg = Debug|Any CPU
		{5A86453B-96FB-4B6E-A283-225BB9F753D3}.Debug|Any CPU.Build.0 = Debug|Any CPU
		{5A86453B-96FB-4B6E-A283-225BB9F753D3}.Debug|x86.ActiveCfg = Debug|Any CPU
		{5A86453B-96FB-4B6E-A283-225BB9F753D3}.Release|Any CPU.ActiveCfg = Release|Any CPU
		{5A86453B-96FB-4B6E-A283-225BB9F753D3}.Release|Any CPU.Build.0 = Release|Any CPU
		{5A86453B-96FB-4B6E-A283-225BB9F753D3}.Release|x86.ActiveCfg = Release|Any CPU
		{029B729E-217F-435E-B6F2-FEF6FC0C8E8E}.Debug|Any CPU.ActiveCfg = Debug|Any CPU
		{029B729E-217F-435E-B6F2-FEF6FC0C8E8E}.Debug|Any CPU.Build.0 = Debug|Any CPU
		{029B729E-217F-435E-B6F2-FEF6FC0C8E8E}.Debug|x86.ActiveCfg = Debug|Any CPU
		{029B729E-217F-435E-B6F2-FEF6FC0C8E8E}.Release|Any CPU.ActiveCfg = Release|Any CPU
		{029B729E-217F-435E-B6F2-FEF6FC0C8E8E}.Release|Any CPU.Build.0 = Release|Any CPU
		{029B729E-217F-435E-B6F2-FEF6FC0C8E8E}.Release|x86.ActiveCfg = Release|Any CPU
		{9E726D5C-1AB1-4C07-8E8F-6930F35E6835}.Debug|Any CPU.ActiveCfg = Debug|Any CPU
		{9E726D5C-1AB1-4C07-8E8F-6930F35E6835}.Debug|Any CPU.Build.0 = Debug|Any CPU
		{9E726D5C-1AB1-4C07-8E8F-6930F35E6835}.Debug|x86.ActiveCfg = Debug|Any CPU
		{9E726D5C-1AB1-4C07-8E8F-6930F35E6835}.Release|Any CPU.ActiveCfg = Release|Any CPU
		{9E726D5C-1AB1-4C07-8E8F-6930F35E6835}.Release|Any CPU.Build.0 = Release|Any CPU
		{9E726D5C-1AB1-4C07-8E8F-6930F35E6835}.Release|x86.ActiveCfg = Release|Any CPU
		{0552C0F4-7EFE-48B5-B4AD-087D6355D6CF}.Debug|Any CPU.ActiveCfg = Debug|Any CPU
		{0552C0F4-7EFE-48B5-B4AD-087D6355D6CF}.Debug|Any CPU.Build.0 = Debug|Any CPU
		{0552C0F4-7EFE-48B5-B4AD-087D6355D6CF}.Debug|x86.ActiveCfg = Debug|Any CPU
		{0552C0F4-7EFE-48B5-B4AD-087D6355D6CF}.Release|Any CPU.ActiveCfg = Release|Any CPU
		{0552C0F4-7EFE-48B5-B4AD-087D6355D6CF}.Release|Any CPU.Build.0 = Release|Any CPU
		{0552C0F4-7EFE-48B5-B4AD-087D6355D6CF}.Release|x86.ActiveCfg = Release|Any CPU
		{B552D750-49FE-4DB2-8C0B-37471EBE1F76}.Debug|Any CPU.ActiveCfg = Debug|Any CPU
		{B552D750-49FE-4DB2-8C0B-37471EBE1F76}.Debug|Any CPU.Build.0 = Debug|Any CPU
		{B552D750-49FE-4DB2-8C0B-37471EBE1F76}.Debug|x86.ActiveCfg = Debug|Any CPU
		{B552D750-49FE-4DB2-8C0B-37471EBE1F76}.Release|Any CPU.ActiveCfg = Release|Any CPU
		{B552D750-49FE-4DB2-8C0B-37471EBE1F76}.Release|Any CPU.Build.0 = Release|Any CPU
		{B552D750-49FE-4DB2-8C0B-37471EBE1F76}.Release|x86.ActiveCfg = Release|Any CPU
		{F883F209-8D17-4A30-8E6C-796219FBF408}.Debug|Any CPU.ActiveCfg = Debug|Any CPU
		{F883F209-8D17-4A30-8E6C-796219FBF408}.Debug|Any CPU.Build.0 = Debug|Any CPU
		{F883F209-8D17-4A30-8E6C-796219FBF408}.Debug|x86.ActiveCfg = Debug|Any CPU
		{F883F209-8D17-4A30-8E6C-796219FBF408}.Release|Any CPU.ActiveCfg = Release|Any CPU
		{F883F209-8D17-4A30-8E6C-796219FBF408}.Release|Any CPU.Build.0 = Release|Any CPU
		{F883F209-8D17-4A30-8E6C-796219FBF408}.Release|x86.ActiveCfg = Release|Any CPU
		{7DEC4E2D-F872-434E-A267-0BAD65299950}.Debug|Any CPU.ActiveCfg = Debug|Any CPU
		{7DEC4E2D-F872-434E-A267-0BAD65299950}.Debug|Any CPU.Build.0 = Debug|Any CPU
		{7DEC4E2D-F872-434E-A267-0BAD65299950}.Debug|x86.ActiveCfg = Debug|Any CPU
		{7DEC4E2D-F872-434E-A267-0BAD65299950}.Release|Any CPU.ActiveCfg = Release|Any CPU
		{7DEC4E2D-F872-434E-A267-0BAD65299950}.Release|Any CPU.Build.0 = Release|Any CPU
		{7DEC4E2D-F872-434E-A267-0BAD65299950}.Release|x86.ActiveCfg = Release|Any CPU
		{63786CE5-D899-43DF-AD4E-C2CA3BAC3FC2}.Debug|Any CPU.ActiveCfg = Debug|Any CPU
		{63786CE5-D899-43DF-AD4E-C2CA3BAC3FC2}.Debug|Any CPU.Build.0 = Debug|Any CPU
		{63786CE5-D899-43DF-AD4E-C2CA3BAC3FC2}.Debug|x86.ActiveCfg = Debug|Any CPU
		{63786CE5-D899-43DF-AD4E-C2CA3BAC3FC2}.Release|Any CPU.ActiveCfg = Release|Any CPU
		{63786CE5-D899-43DF-AD4E-C2CA3BAC3FC2}.Release|Any CPU.Build.0 = Release|Any CPU
		{63786CE5-D899-43DF-AD4E-C2CA3BAC3FC2}.Release|x86.ActiveCfg = Release|Any CPU
		{F1BAFCE8-5CFB-4029-B943-3481CDA40983}.Debug|Any CPU.ActiveCfg = Debug|Any CPU
		{F1BAFCE8-5CFB-4029-B943-3481CDA40983}.Debug|Any CPU.Build.0 = Debug|Any CPU
		{F1BAFCE8-5CFB-4029-B943-3481CDA40983}.Debug|x86.ActiveCfg = Debug|Any CPU
		{F1BAFCE8-5CFB-4029-B943-3481CDA40983}.Release|Any CPU.ActiveCfg = Release|Any CPU
		{F1BAFCE8-5CFB-4029-B943-3481CDA40983}.Release|x86.ActiveCfg = Release|Any CPU
	EndGlobalSection
	GlobalSection(SolutionProperties) = preSolution
		HideSolutionNode = FALSE
	EndGlobalSection
EndGlobal
